{
  "version": 4,
  "terraform_version": "1.9.4",
  "serial": 88,
  "lineage": "510d8069-14b1-698e-fddb-4a5714142661",
  "outputs": {
    "info": {
      "value": [
        {
          "netology-develop-platform-web": {
            "external_ip": "10.0.1.28",
            "fqdn": "fhmgb7q6l2vla6rgfuja.auto.internal",
            "instance_name": "netology-develop-platform-web"
          }
        },
        {
          "netology-develop-platform-db": {
            "external_ip": "10.0.2.26",
            "fqdn": "epdhnp4q4kf229h2f705.auto.internal",
            "instance_name": "netology-develop-platform-db"
          }
        }
      ],
      "type": [
        "tuple",
        [
          [
            "object",
            {
              "netology-develop-platform-web": [
                "object",
                {
                  "external_ip": "string",
                  "fqdn": "string",
                  "instance_name": "string"
                }
              ]
            }
          ],
          [
            "object",
            {
              "netology-develop-platform-db": [
                "object",
                {
                  "external_ip": "string",
                  "fqdn": "string",
                  "instance_name": "string"
                }
              ]
            }
          ]
        ]
      ]
    }
  },
  "resources": [
    {
      "mode": "data",
      "type": "yandex_compute_image",
      "name": "ubuntu",
      "provider": "provider[\"registry.terraform.io/yandex-cloud/yandex\"]",
      "instances": [
        {
          "schema_version": 0,
          "attributes": {
            "created_at": "2025-07-21T11:05:42Z",
            "description": "Ubuntu 20.04 lts v20250711011311",
            "family": "ubuntu-2004-lts",
            "folder_id": "standard-images",
            "hardware_generation": [
              {
                "generation2_features": [],
                "legacy_features": [
                  {
                    "pci_topology": "PCI_TOPOLOGY_V2"
                  }
                ]
              }
            ],
            "id": "fd87o7enmgb6d3qrs2lg",
            "image_id": "fd87o7enmgb6d3qrs2lg",
            "kms_key_id": null,
            "labels": {
              "version": "20250711011311"
            },
            "min_disk_size": 5,
            "name": "ubuntu-20-04-lts-v20250721",
            "os_type": "linux",
            "pooled": true,
            "product_ids": [
              "f2e31o72hjj8klcee3uq"
            ],
            "size": 2,
            "status": "ready"
          },
          "sensitive_attributes": []
        }
      ]
    },
    {
      "mode": "managed",
      "type": "yandex_compute_instance",
      "name": "platform",
      "provider": "provider[\"registry.terraform.io/yandex-cloud/yandex\"]",
      "instances": [
        {
          "schema_version": 1,
          "attributes": {
            "allow_recreate": null,
            "allow_stopping_for_update": null,
            "boot_disk": [
              {
                "auto_delete": true,
                "device_name": "fhmpmq1m1h8b5u00p38c",
                "disk_id": "fhmpmq1m1h8b5u00p38c",
                "initialize_params": [
                  {
                    "block_size": 4096,
                    "description": "",
                    "image_id": "fd87o7enmgb6d3qrs2lg",
                    "kms_key_id": "",
                    "name": "",
                    "size": 5,
                    "snapshot_id": "",
                    "type": "network-hdd"
                  }
                ],
                "mode": "READ_WRITE"
              }
            ],
            "created_at": "2025-07-23T11:53:25Z",
            "description": "",
            "filesystem": [],
            "folder_id": "b1g18m3fmokhkjuqb2r2",
            "fqdn": "fhmgb7q6l2vla6rgfuja.auto.internal",
            "gpu_cluster_id": "",
            "hardware_generation": [
              {
                "generation2_features": [],
                "legacy_features": [
                  {
                    "pci_topology": "PCI_TOPOLOGY_V2"
                  }
                ]
              }
            ],
            "hostname": "",
            "id": "fhmgb7q6l2vla6rgfuja",
            "labels": {},
            "local_disk": [],
            "maintenance_grace_period": "",
            "maintenance_policy": null,
            "metadata": {
              "serial-port-enable": "1",
              "ssh-keys": "ubuntu:ssh-ed25519 AAAAC3NzaC1lZDI1NTE5AAAAIOoev5jqN92osASI07AwpFhwWBrJtXhNDzxTMX6fNu07 aleksandrov_sp@aleksandrov-sp-test"
            },
            "metadata_options": [
              {
                "aws_v1_http_endpoint": 1,
                "aws_v1_http_token": 2,
                "gce_http_endpoint": 1,
                "gce_http_token": 1
              }
            ],
            "name": "netology-develop-platform-web",
            "network_acceleration_type": "standard",
            "network_interface": [
              {
                "dns_record": [],
                "index": 0,
                "ip_address": "10.0.1.28",
                "ipv4": true,
                "ipv6": false,
                "ipv6_address": "",
                "ipv6_dns_record": [],
                "mac_address": "d0:0d:10:59:f4:6a",
                "nat": true,
                "nat_dns_record": [],
                "nat_ip_address": "89.169.144.19",
                "nat_ip_version": "IPV4",
                "security_group_ids": [],
                "subnet_id": "e9bq2dkbmfg7a7lk5ss5"
              }
            ],
            "placement_policy": [
              {
                "host_affinity_rules": [],
                "placement_group_id": "",
                "placement_group_partition": 0
              }
            ],
            "platform_id": "standard-v1",
            "resources": [
              {
                "core_fraction": 5,
                "cores": 2,
                "gpus": 0,
                "memory": 1
              }
            ],
            "scheduling_policy": [
              {
                "preemptible": true
              }
            ],
            "secondary_disk": [],
            "service_account_id": "",
            "status": "running",
            "timeouts": null,
            "zone": "ru-central1-a"
          },
          "sensitive_attributes": [],
          "private": "eyJlMmJmYjczMC1lY2FhLTExZTYtOGY4OC0zNDM2M2JjN2M0YzAiOnsiY3JlYXRlIjozMDAwMDAwMDAwMDAsImRlbGV0ZSI6MzAwMDAwMDAwMDAwLCJ1cGRhdGUiOjMwMDAwMDAwMDAwMH0sInNjaGVtYV92ZXJzaW9uIjoiMSJ9",
          "dependencies": [
            "data.yandex_compute_image.ubuntu",
            "yandex_vpc_network.develop",
            "yandex_vpc_subnet.develop"
          ]
        }
      ]
    },
    {
      "mode": "managed",
      "type": "yandex_compute_instance",
      "name": "platform-db",
      "provider": "provider[\"registry.terraform.io/yandex-cloud/yandex\"]",
      "instances": [
        {
          "schema_version": 1,
          "attributes": {
            "allow_recreate": null,
            "allow_stopping_for_update": null,
            "boot_disk": [
              {
                "auto_delete": true,
                "device_name": "epdcakkpc35ojvc2q25o",
                "disk_id": "epdcakkpc35ojvc2q25o",
                "initialize_params": [
                  {
                    "block_size": 4096,
                    "description": "",
                    "image_id": "fd87o7enmgb6d3qrs2lg",
                    "kms_key_id": "",
                    "name": "",
                    "size": 5,
                    "snapshot_id": "",
                    "type": "network-hdd"
                  }
                ],
                "mode": "READ_WRITE"
              }
            ],
            "created_at": "2025-07-23T12:33:30Z",
            "description": "",
            "filesystem": [],
            "folder_id": "b1g18m3fmokhkjuqb2r2",
            "fqdn": "epdhnp4q4kf229h2f705.auto.internal",
            "gpu_cluster_id": "",
            "hardware_generation": [
              {
                "generation2_features": [],
                "legacy_features": [
                  {
                    "pci_topology": "PCI_TOPOLOGY_V2"
                  }
                ]
              }
            ],
            "hostname": "",
            "id": "epdhnp4q4kf229h2f705",
            "labels": {},
            "local_disk": [],
            "maintenance_grace_period": "",
            "maintenance_policy": null,
            "metadata": {
              "serial-port-enable": "true",
              "ssh-keys": "ubuntu:ssh-ed25519 AAAAC3NzaC1lZDI1NTE5AAAAIOoev5jqN92osASI07AwpFhwWBrJtXhNDzxTMX6fNu07 aleksandrov_sp@aleksandrov-sp-test"
            },
            "metadata_options": [
              {
                "aws_v1_http_endpoint": 1,
                "aws_v1_http_token": 2,
                "gce_http_endpoint": 1,
                "gce_http_token": 1
              }
            ],
            "name": "netology-develop-platform-db",
            "network_acceleration_type": "standard",
            "network_interface": [
              {
                "dns_record": [],
                "index": 0,
                "ip_address": "10.0.2.26",
                "ipv4": true,
                "ipv6": false,
                "ipv6_address": "",
                "ipv6_dns_record": [],
                "mac_address": "d0:0d:11:be:49:a2",
                "nat": true,
                "nat_dns_record": [],
                "nat_ip_address": "89.169.188.22",
                "nat_ip_version": "IPV4",
                "security_group_ids": [],
                "subnet_id": "e2l10ivqblfm5qg84j46"
              }
            ],
            "placement_policy": [
              {
                "host_affinity_rules": [],
                "placement_group_id": "",
                "placement_group_partition": 0
              }
            ],
            "platform_id": "standard-v1",
            "resources": [
              {
                "core_fraction": 20,
                "cores": 2,
                "gpus": 0,
                "memory": 2
              }
            ],
            "scheduling_policy": [
              {
                "preemptible": true
              }
            ],
            "secondary_disk": [],
            "service_account_id": "",
            "status": "running",
            "timeouts": null,
            "zone": "ru-central1-b"
          },
          "sensitive_attributes": [],
          "private": "eyJlMmJmYjczMC1lY2FhLTExZTYtOGY4OC0zNDM2M2JjN2M0YzAiOnsiY3JlYXRlIjozMDAwMDAwMDAwMDAsImRlbGV0ZSI6MzAwMDAwMDAwMDAwLCJ1cGRhdGUiOjMwMDAwMDAwMDAwMH0sInNjaGVtYV92ZXJzaW9uIjoiMSJ9",
          "dependencies": [
            "data.yandex_compute_image.ubuntu",
            "yandex_vpc_network.develop",
            "yandex_vpc_subnet.prod"
          ]
        }
      ]
    },
    {
      "mode": "managed",
      "type": "yandex_vpc_network",
      "name": "develop",
      "provider": "provider[\"registry.terraform.io/yandex-cloud/yandex\"]",
      "instances": [
        {
          "schema_version": 0,
          "attributes": {
            "created_at": "2025-07-23T11:49:46Z",
            "default_security_group_id": "enp2rg9c4t8pea7mhpm0",
            "description": "",
            "folder_id": "b1g18m3fmokhkjuqb2r2",
            "id": "enpf32bctncu2mt4j8ob",
            "labels": {},
            "name": "develop",
            "subnet_ids": [
              "e2l10ivqblfm5qg84j46",
              "e9bq2dkbmfg7a7lk5ss5"
            ],
            "timeouts": null
          },
          "sensitive_attributes": [],
          "private": "eyJlMmJmYjczMC1lY2FhLTExZTYtOGY4OC0zNDM2M2JjN2M0YzAiOnsiY3JlYXRlIjo2MDAwMDAwMDAwMCwiZGVsZXRlIjo2MDAwMDAwMDAwMCwidXBkYXRlIjo2MDAwMDAwMDAwMH19"
        }
      ]
    },
    {
      "mode": "managed",
      "type": "yandex_vpc_subnet",
      "name": "develop",
      "provider": "provider[\"registry.terraform.io/yandex-cloud/yandex\"]",
      "instances": [
        {
          "schema_version": 0,
          "attributes": {
            "created_at": "2025-07-23T11:53:24Z",
            "description": "",
            "dhcp_options": [],
            "folder_id": "b1g18m3fmokhkjuqb2r2",
            "id": "e9bq2dkbmfg7a7lk5ss5",
            "labels": {},
            "name": "develop",
            "network_id": "enpf32bctncu2mt4j8ob",
            "route_table_id": "",
            "timeouts": null,
            "v4_cidr_blocks": [
              "10.0.1.0/24"
            ],
            "v6_cidr_blocks": [],
            "zone": "ru-central1-a"
          },
          "sensitive_attributes": [],
          "private": "eyJlMmJmYjczMC1lY2FhLTExZTYtOGY4OC0zNDM2M2JjN2M0YzAiOnsiY3JlYXRlIjoxODAwMDAwMDAwMDAsImRlbGV0ZSI6MTgwMDAwMDAwMDAwLCJ1cGRhdGUiOjE4MDAwMDAwMDAwMH19",
          "dependencies": [
            "yandex_vpc_network.develop"
          ]
        }
      ]
    },
    {
      "mode": "managed",
      "type": "yandex_vpc_subnet",
      "name": "prod",
      "provider": "provider[\"registry.terraform.io/yandex-cloud/yandex\"]",
      "instances": [
        {
          "schema_version": 0,
          "attributes": {
            "created_at": "2025-07-23T12:32:05Z",
            "description": "",
            "dhcp_options": [],
            "folder_id": "b1g18m3fmokhkjuqb2r2",
            "id": "e2l10ivqblfm5qg84j46",
            "labels": {},
            "name": "prod",
            "network_id": "enpf32bctncu2mt4j8ob",
            "route_table_id": "",
            "timeouts": null,
            "v4_cidr_blocks": [
              "10.0.2.0/24"
            ],
            "v6_cidr_blocks": [],
            "zone": "ru-central1-b"
          },
          "sensitive_attributes": [],
          "private": "eyJlMmJmYjczMC1lY2FhLTExZTYtOGY4OC0zNDM2M2JjN2M0YzAiOnsiY3JlYXRlIjoxODAwMDAwMDAwMDAsImRlbGV0ZSI6MTgwMDAwMDAwMDAwLCJ1cGRhdGUiOjE4MDAwMDAwMDAwMH19",
          "dependencies": [
            "yandex_vpc_network.develop"
          ]
        }
      ]
    }
  ],
  "check_results": null
}
